
Microsoft Visual Studio Solution File, Format Version 12.00
# Visual Studio 14
VisualStudioVersion = 14.0.23107.0
MinimumVisualStudioVersion = 10.0.40219.1
Project("{FAE04EC0-301F-11D3-BF4B-00C04F79EFBC}") = "Envio.ServeurTraitement", "Envio.ServeurTraitement\Envio.ServeurTraitement\Envio.ServeurTraitement.csproj", "{B05D8EC5-049D-4BFF-8113-264D659417B7}"
EndProject
Project("{FAE04EC0-301F-11D3-BF4B-00C04F79EFBC}") = "Envio.Maths", "Envio.Maths\Envio.Maths.csproj", "{C4B8DC8F-C1BA-4D40-B754-F598B48EB174}"
EndProject
Project("{FAE04EC0-301F-11D3-BF4B-00C04F79EFBC}") = "Envio.Tools", "Envio.Tools\Envio.Tools.csproj", "{2DDBB97F-1D1D-4980-A4EA-1F12DEB92EAA}"
EndProject
Project("{FAE04EC0-301F-11D3-BF4B-00C04F79EFBC}") = "Envio.ViewModel", "Envio.ViewModel\Envio.ViewModel.csproj", "{C5F0A479-E0AC-49E6-BCB0-C72A13A0AFA0}"
EndProject
Project("{FAE04EC0-301F-11D3-BF4B-00C04F79EFBC}") = "Envio.Test", "Envio.Test\Envio.Test.csproj", "{D47A15F8-5CCF-4A74-B23C-F8B904706493}"
EndProject
Global
	GlobalSection(SolutionConfigurationPlatforms) = preSolution
		Debug|Any CPU = Debug|Any CPU
		Release|Any CPU = Release|Any CPU
	EndGlobalSection
	GlobalSection(ProjectConfigurationPlatforms) = postSolution
		{B05D8EC5-049D-4BFF-8113-264D659417B7}.Debug|Any CPU.ActiveCfg = Debug|Any CPU
		{B05D8EC5-049D-4BFF-8113-264D659417B7}.Debug|Any CPU.Build.0 = Debug|Any CPU
		{B05D8EC5-049D-4BFF-8113-264D659417B7}.Release|Any CPU.ActiveCfg = Release|Any CPU
		{B05D8EC5-049D-4BFF-8113-264D659417B7}.Release|Any CPU.Build.0 = Release|Any CPU
		{C4B8DC8F-C1BA-4D40-B754-F598B48EB174}.Debug|Any CPU.ActiveCfg = Debug|Any CPU
		{C4B8DC8F-C1BA-4D40-B754-F598B48EB174}.Debug|Any CPU.Build.0 = Debug|Any CPU
		{C4B8DC8F-C1BA-4D40-B754-F598B48EB174}.Release|Any CPU.ActiveCfg = Release|Any CPU
		{C4B8DC8F-C1BA-4D40-B754-F598B48EB174}.Release|Any CPU.Build.0 = Release|Any CPU
		{2DDBB97F-1D1D-4980-A4EA-1F12DEB92EAA}.Debug|Any CPU.ActiveCfg = Debug|Any CPU
		{2DDBB97F-1D1D-4980-A4EA-1F12DEB92EAA}.Debug|Any CPU.Build.0 = Debug|Any CPU
		{2DDBB97F-1D1D-4980-A4EA-1F12DEB92EAA}.Release|Any CPU.ActiveCfg = Release|Any CPU
		{2DDBB97F-1D1D-4980-A4EA-1F12DEB92EAA}.Release|Any CPU.Build.0 = Release|Any CPU
		{C5F0A479-E0AC-49E6-BCB0-C72A13A0AFA0}.Debug|Any CPU.ActiveCfg = Debug|Any CPU
		{C5F0A479-E0AC-49E6-BCB0-C72A13A0AFA0}.Debug|Any CPU.Build.0 = Debug|Any CPU
		{C5F0A479-E0AC-49E6-BCB0-C72A13A0AFA0}.Release|Any CPU.ActiveCfg = Release|Any CPU
		{C5F0A479-E0AC-49E6-BCB0-C72A13A0AFA0}.Release|Any CPU.Build.0 = Release|Any CPU
		{D47A15F8-5CCF-4A74-B23C-F8B904706493}.Debug|Any CPU.ActiveCfg = Debug|Any CPU
		{D47A15F8-5CCF-4A74-B23C-F8B904706493}.Debug|Any CPU.Build.0 = Debug|Any CPU
		{D47A15F8-5CCF-4A74-B23C-F8B904706493}.Release|Any CPU.ActiveCfg = Release|Any CPU
		{D47A15F8-5CCF-4A74-B23C-F8B904706493}.Release|Any CPU.Build.0 = Release|Any CPU
	EndGlobalSection
	GlobalSection(SolutionProperties) = preSolution
		HideSolutionNode = FALSE
	EndGlobalSection
EndGlobal
